github.com/canhlinh/go-binary-pack v0.0.0-20181203110405-72348cf47f32 h1:2frz5u51940fkPXzOlKhY/zL4FBtXerEdNEs2AEicMA=
github.com/canhlinh/go-binary-pack v0.0.0-20181203110405-72348cf47f32/go.mod h1:5oL/IK/HhX2kkOQK0V5dpmpFQET3dRgjS+4hfSjs+Pw=
github.com/djherbis/times v1.5.0 h1:79myA211VwPhFTqUk8xehWrsEO+zcIZj0zT8mXPVARU=
github.com/djherbis/times v1.5.0/go.mod h1:5q7FDLvbNg1L/KaBmPcWlVR9NmoKo3+ucqUA3ijQhA0=
github.com/mitchellh/go-ps v1.0.0 h1:i6ampVEEF4wQFF+bkYfwYgY+F/uYJDktmvLPf7qIgjc=
github.com/mitchellh/go-ps v1.0.0/go.mod h1:J4lOc8z8yJs6vUwklHw2XEIiT4z4C40KtWVN3nvg8Pg=
golang.org/x/sys v0.0.0-20211116061358-0a5406a5449c h1:DHcbWVXeY+0Y8HHKR+rbLwnoh2F4tNCY7rTiHJ30RmA=
golang.org/x/sys v0.0.0-20211116061358-0a5406a5449c/go.mod h1:oPkhp1MJrh7nUepCBck5+mAzfO9JrbApNNgaTdGDITg=
